
Microsoft Visual Studio Solution File, Format Version 12.00
# Visual Studio 15
VisualStudioVersion = 15.0.27130.2027
MinimumVisualStudioVersion = 10.0.40219.1
Project("{FAE04EC0-301F-11D3-BF4B-00C04F79EFBC}") = "WF_1", "WF_1\WF_1.csproj", "{AD2D1F36-BA74-425B-A8D9-42650B4D4519}"
EndProject
Global
	GlobalSection(SolutionConfigurationPlatforms) = preSolution
		Debug|Any CPU = Debug|Any CPU
		Release|Any CPU = Release|Any CPU
	EndGlobalSection
	GlobalSection(ProjectConfigurationPlatforms) = postSolution
		{AD2D1F36-BA74-425B-A8D9-42650B4D4519}.Debug|Any CPU.ActiveCfg = Debug|Any CPU
		{AD2D1F36-BA74-425B-A8D9-42650B4D4519}.Debug|Any CPU.Build.0 = Debug|Any CPU
		{AD2D1F36-BA74-425B-A8D9-42650B4D4519}.Release|Any CPU.ActiveCfg = Release|Any CPU
		{AD2D1F36-BA74-425B-A8D9-42650B4D4519}.Release|Any CPU.Build.0 = Release|Any CPU
	EndGlobalSection
	GlobalSection(SolutionProperties) = preSolution
		HideSolutionNode = FALSE
	EndGlobalSection
	GlobalSection(ExtensibilityGlobals) = postSolution
		SolutionGuid = {EF1A9E1E-8A70-4841-8FBE-6DB8E0298658}
	EndGlobalSection
EndGlobal
